hash: ab34ddb43741ff99866dd0d1caccbdd548138b1f8130ecb025c45d222044d0ba
updated: 2016-08-22T11:31:30.917358423+05:30
imports:
- name: github.com/gorilla/context
  version: 01ef6ff48fdcdcb29ae84f90f10f33dac24845a0
- name: github.com/gorilla/handlers
  version: a5775781a543af3c6b9f5baf10995e4d14168950
- name: github.com/gorilla/mux
  version: cf79e51a62d8219d52060dfc1b4e810414ba2d15
- name: github.com/lib/pq
  version: 80f8150043c80fb52dee6bc863a709cdac7ec8f8
  subpackages:
  - oid
- name: github.com/stretchr/testify
  version: f390dcf405f7b83c997eac1b06768bb9f44dec18
  subpackages:
  - assert
- name: gopkg.in/DATA-DOG/go-sqlmock.v1
  version: 9958e5c69de03e97ec215b23f6fcae1f600c3fb6
testImports: []
